
Microsoft Visual Studio Solution File, Format Version 12.00
# Visual Studio Version 16
VisualStudioVersion = 16.0.32228.343
MinimumVisualStudioVersion = 10.0.40219.1
Project("{FAE04EC0-301F-11D3-BF4B-00C04F79EFBC}") = "LoginMicroservice", "LoginMicroservice\LoginMicroservice.csproj", "{560BB3B6-DA3F-46D3-843D-E553545890C0}"
EndProject
Global
	GlobalSection(SolutionConfigurationPlatforms) = preSolution
		Debug|Any CPU = Debug|Any CPU
		Release|Any CPU = Release|Any CPU
	EndGlobalSection
	GlobalSection(ProjectConfigurationPlatforms) = postSolution
		{560BB3B6-DA3F-46D3-843D-E553545890C0}.Debug|Any CPU.ActiveCfg = Debug|Any CPU
		{560BB3B6-DA3F-46D3-843D-E553545890C0}.Debug|Any CPU.Build.0 = Debug|Any CPU
		{560BB3B6-DA3F-46D3-843D-E553545890C0}.Release|Any CPU.ActiveCfg = Release|Any CPU
		{560BB3B6-DA3F-46D3-843D-E553545890C0}.Release|Any CPU.Build.0 = Release|Any CPU
	EndGlobalSection
	GlobalSection(SolutionProperties) = preSolution
		HideSolutionNode = FALSE
	EndGlobalSection
	GlobalSection(ExtensibilityGlobals) = postSolution
		SolutionGuid = {FD4254DA-CF2E-4A9B-8A7A-B0E3C2D43504}
	EndGlobalSection
EndGlobal
